
Microsoft Visual Studio Solution File, Format Version 12.00
# Visual Studio Version 17
VisualStudioVersion = 17.11.35222.181
MinimumVisualStudioVersion = 10.0.40219.1
Project("{9A19103F-16F7-4668-BE54-9A1E7A4F7556}") = "ThomasGreg.Domain", "src\ThomasGreg.Domain\ThomasGreg.Domain.csproj", "{026B87BC-81B4-4258-8ADD-6C7799D518FE}"
EndProject
Project("{FAE04EC0-301F-11D3-BF4B-00C04F79EFBC}") = "ThomasGreg.Infrastructure", "src\ThomasGreg.Infrastructure\ThomasGreg.Infrastructure.csproj", "{45AA64DF-09C5-4345-820C-47005D7C9B0F}"
EndProject
Project("{FAE04EC0-301F-11D3-BF4B-00C04F79EFBC}") = "ThomasGreg.WebApp", "src\ThomasGreg.WebApp\ThomasGreg.WebApp.csproj", "{60113678-2988-4448-AA2C-F55C525DE6C7}"
EndProject
Global
	GlobalSection(SolutionConfigurationPlatforms) = preSolution
		Debug|Any CPU = Debug|Any CPU
		Release|Any CPU = Release|Any CPU
	EndGlobalSection
	GlobalSection(ProjectConfigurationPlatforms) = postSolution
		{026B87BC-81B4-4258-8ADD-6C7799D518FE}.Debug|Any CPU.ActiveCfg = Debug|Any CPU
		{026B87BC-81B4-4258-8ADD-6C7799D518FE}.Debug|Any CPU.Build.0 = Debug|Any CPU
		{026B87BC-81B4-4258-8ADD-6C7799D518FE}.Release|Any CPU.ActiveCfg = Release|Any CPU
		{026B87BC-81B4-4258-8ADD-6C7799D518FE}.Release|Any CPU.Build.0 = Release|Any CPU
		{45AA64DF-09C5-4345-820C-47005D7C9B0F}.Debug|Any CPU.ActiveCfg = Debug|Any CPU
		{45AA64DF-09C5-4345-820C-47005D7C9B0F}.Debug|Any CPU.Build.0 = Debug|Any CPU
		{45AA64DF-09C5-4345-820C-47005D7C9B0F}.Release|Any CPU.ActiveCfg = Release|Any CPU
		{45AA64DF-09C5-4345-820C-47005D7C9B0F}.Release|Any CPU.Build.0 = Release|Any CPU
		{60113678-2988-4448-AA2C-F55C525DE6C7}.Debug|Any CPU.ActiveCfg = Debug|Any CPU
		{60113678-2988-4448-AA2C-F55C525DE6C7}.Debug|Any CPU.Build.0 = Debug|Any CPU
		{60113678-2988-4448-AA2C-F55C525DE6C7}.Release|Any CPU.ActiveCfg = Release|Any CPU
		{60113678-2988-4448-AA2C-F55C525DE6C7}.Release|Any CPU.Build.0 = Release|Any CPU
	EndGlobalSection
	GlobalSection(SolutionProperties) = preSolution
		HideSolutionNode = FALSE
	EndGlobalSection
	GlobalSection(ExtensibilityGlobals) = postSolution
		SolutionGuid = {E05AB98B-465F-4E0D-882D-2220B16E8FFD}
	EndGlobalSection
EndGlobal
